
Microsoft Visual Studio Solution File, Format Version 12.00
# Visual Studio Version 16
VisualStudioVersion = 16.0.32126.315
MinimumVisualStudioVersion = 10.0.40219.1
Project("{FAE04EC0-301F-11D3-BF4B-00C04F79EFBC}") = "WinformSandbox", "WinformSandbox\WinformSandbox.csproj", "{79209E92-D313-4A7E-B391-1F3C7EDC3991}"
EndProject
Global
	GlobalSection(SolutionConfigurationPlatforms) = preSolution
		Debug|Any CPU = Debug|Any CPU
		Release|Any CPU = Release|Any CPU
	EndGlobalSection
	GlobalSection(ProjectConfigurationPlatforms) = postSolution
		{79209E92-D313-4A7E-B391-1F3C7EDC3991}.Debug|Any CPU.ActiveCfg = Debug|Any CPU
		{79209E92-D313-4A7E-B391-1F3C7EDC3991}.Debug|Any CPU.Build.0 = Debug|Any CPU
		{79209E92-D313-4A7E-B391-1F3C7EDC3991}.Release|Any CPU.ActiveCfg = Release|Any CPU
		{79209E92-D313-4A7E-B391-1F3C7EDC3991}.Release|Any CPU.Build.0 = Release|Any CPU
	EndGlobalSection
	GlobalSection(SolutionProperties) = preSolution
		HideSolutionNode = FALSE
	EndGlobalSection
	GlobalSection(ExtensibilityGlobals) = postSolution
		SolutionGuid = {DAD75271-A392-4C2F-9D56-E02378A9D44E}
	EndGlobalSection
EndGlobal
